#MicroXplorer Configuration settings - do not modify
ADC1.Channel-0\#ChannelRegularConversion=ADC_CHANNEL_3
ADC1.IPParameters=Rank-0\#ChannelRegularConversion,master,Channel-0\#ChannelRegularConversion,SamplingTime-0\#ChannelRegularConversion,NbrOfConversionFlag
ADC1.NbrOfConversionFlag=1
ADC1.Rank-0\#ChannelRegularConversion=1
ADC1.SamplingTime-0\#ChannelRegularConversion=ADC_SAMPLETIME_3CYCLES
ADC1.master=1
File.Version=6
GPIO.groupedBy=Group By Peripherals
I2C2.I2C_Mode=I2C_Fast
I2C2.IPParameters=I2C_Mode
I2S1.ErrorAudioFreq=0.32 %
I2S1.FullDuplexMode=I2S_FULLDUPLEXMODE_DISABLE
I2S1.IPParameters=Instance,VirtualMode,FullDuplexMode,RealAudioFreq,ErrorAudioFreq
I2S1.Instance=SPI$Index
I2S1.RealAudioFreq=8.026 KHz
I2S1.VirtualMode=I2S_MODE_MASTER
KeepUserPlacement=false
Mcu.Family=STM32F4
Mcu.IP0=ADC1
Mcu.IP1=HDMI_CEC
Mcu.IP10=UART5
Mcu.IP11=USB_OTG_FS
Mcu.IP2=I2C2
Mcu.IP3=I2C3
Mcu.IP4=I2S1
Mcu.IP5=NVIC
Mcu.IP6=RCC
Mcu.IP7=SAI1
Mcu.IP8=SPDIFRX
Mcu.IP9=SYS
Mcu.IPNb=12
Mcu.Name=STM32F446R(C-E)Tx
Mcu.Package=LQFP64
Mcu.Pin0=PC14-OSC32_IN
Mcu.Pin1=PC15-OSC32_OUT
Mcu.Pin10=PA3
Mcu.Pin11=PA4
Mcu.Pin12=PA5
Mcu.Pin13=PA6
Mcu.Pin14=PA7
Mcu.Pin15=PC4
Mcu.Pin16=PC5
Mcu.Pin17=PB2
Mcu.Pin18=PB10
Mcu.Pin19=PB12
Mcu.Pin2=PH0-OSC_IN
Mcu.Pin20=PB14
Mcu.Pin21=PB15
Mcu.Pin22=PC7
Mcu.Pin23=PC8
Mcu.Pin24=PC9
Mcu.Pin25=PA8
Mcu.Pin26=PA9
Mcu.Pin27=PA11
Mcu.Pin28=PA12
Mcu.Pin29=PA13
Mcu.Pin3=PH1-OSC_OUT
Mcu.Pin30=PA14
Mcu.Pin31=PA15
Mcu.Pin32=PC10
Mcu.Pin33=PC11
Mcu.Pin34=PC12
Mcu.Pin35=PD2
Mcu.Pin36=PB3
Mcu.Pin37=PB4
Mcu.Pin38=PB6
Mcu.Pin39=PB7
Mcu.Pin4=PC0
Mcu.Pin40=PB9
Mcu.Pin41=VP_SAI1_VP_$IpInstance_SAIB_SAI_BASIC
Mcu.Pin42=VP_SYS_VS_Systick
Mcu.Pin5=PC1
Mcu.Pin6=PC2
Mcu.Pin7=PA0-WKUP
Mcu.Pin8=PA1
Mcu.Pin9=PA2
Mcu.PinsNb=43
Mcu.ThirdPartyNb=0
Mcu.UserConstants=
Mcu.UserName=STM32F446RETx
MxCube.Version=6.1.0
MxDb.Version=DB.6.0.10
NVIC.BusFault_IRQn=true\:0\:0\:false\:false\:true\:false\:false
NVIC.CEC_IRQn=true\:0\:0\:false\:false\:true\:false\:true
NVIC.DebugMonitor_IRQn=true\:0\:0\:false\:false\:true\:false\:false
NVIC.ForceEnableDMAVector=true
NVIC.HardFault_IRQn=true\:0\:0\:false\:false\:true\:false\:false
NVIC.MemoryManagement_IRQn=true\:0\:0\:false\:false\:true\:false\:false
NVIC.NonMaskableInt_IRQn=true\:0\:0\:false\:false\:true\:false\:false
NVIC.PendSV_IRQn=true\:0\:0\:false\:false\:true\:false\:false
NVIC.PriorityGroup=NVIC_PRIORITYGROUP_4
NVIC.SVCall_IRQn=true\:0\:0\:false\:false\:true\:false\:false
NVIC.SysTick_IRQn=true\:0\:0\:false\:false\:true\:false\:true
NVIC.UsageFault_IRQn=true\:0\:0\:false\:false\:true\:false\:false
PA0-WKUP.GPIOParameters=GPIO_Label
PA0-WKUP.GPIO_Label=HDMI_HPD_EN
PA0-WKUP.Locked=true
PA0-WKUP.Signal=GPIO_Output
PA1.GPIOParameters=GPIO_Label
PA1.GPIO_Label=HDMI_5V_EN
PA1.Locked=true
PA1.Signal=GPIO_Output
PA11.Locked=true
PA11.Mode=Device_Only
PA11.Signal=USB_OTG_FS_DM
PA12.Locked=true
PA12.Mode=Device_Only
PA12.Signal=USB_OTG_FS_DP
PA13.Locked=true
PA13.Mode=Serial_Wire
PA13.Signal=SYS_JTMS-SWDIO
PA14.Locked=true
PA14.Mode=Serial_Wire
PA14.Signal=SYS_JTCK-SWCLK
PA15.GPIOParameters=GPIO_Label
PA15.GPIO_Label=CEC_PA15
PA15.Locked=true
PA15.Mode=CEC_Activate
PA15.Signal=CEC
PA2.GPIOParameters=GPIO_Label
PA2.GPIO_Label=HDMI_5V_IN
PA2.Locked=true
PA2.Signal=ADCx_IN2
PA3.GPIOParameters=GPIO_Label
PA3.GPIO_Label=HDMI_HPD_IN
PA3.Locked=true
PA3.Signal=ADCx_IN3
PA4.Mode=Half_Duplex_Master
PA4.Signal=I2S1_WS
PA5.Mode=Half_Duplex_Master
PA5.Signal=I2S1_CK
PA6.GPIOParameters=GPIO_Label
PA6.GPIO_Label=HDMI_RX_RN
PA6.Locked=true
PA6.Signal=GPIO_Output
PA7.Mode=Half_Duplex_Master
PA7.Signal=I2S1_SD
PA8.Locked=true
PA8.Mode=I2C
PA8.Signal=I2C3_SCL
PA9.Locked=true
PA9.Mode=SAI_B_MasterWithClock
PA9.Signal=SAI1_SD_B
PB10.Locked=true
PB10.Mode=I2C
PB10.Signal=I2C2_SCL
PB12.Locked=true
PB12.Mode=SAI_B_MasterWithClock
PB12.Signal=SAI1_SCK_B
PB14.GPIOParameters=GPIO_Label
PB14.GPIO_Label=HMI1_GREEN
PB14.Locked=true
PB14.Signal=GPIO_Output
PB15.GPIOParameters=GPIO_Label
PB15.GPIO_Label=HMI1_BLUE
PB15.Locked=true
PB15.Signal=GPIO_Output
PB2.GPIOParameters=GPIO_Label
PB2.GPIO_Label=SAI1_SD_A_PB2
PB2.Locked=true
PB2.Signal=GPIO_Output
PB3.Locked=true
PB3.Mode=I2C
PB3.Signal=I2C2_SDA
PB4.Locked=true
PB4.Mode=I2C
PB4.Signal=I2C3_SDA
PB6.GPIOParameters=GPIO_Label
PB6.GPIO_Label=CEC_PB6
PB6.Locked=true
PB6.Signal=GPIO_Output
PB7.Locked=true
PB7.Mode=IN0
PB7.Signal=SPDIFRX_IN0
PB9.Locked=true
PB9.Mode=SAI_B_MasterWithClock
PB9.Signal=SAI1_FS_B
PC0.Locked=true
PC0.Mode=SAI_B_MasterWithClock
PC0.Signal=SAI1_MCLK_B
PC1.GPIOParameters=GPIO_Label
PC1.GPIO_Label=SAI1_SD_A_PC1
PC1.Locked=true
PC1.Mode=SAI_A_SPDIF
PC1.Signal=SAI1_SD_A
PC10.GPIOParameters=GPIO_Label
PC10.GPIO_Label=HMI2_GREEN
PC10.Locked=true
PC10.Signal=GPIO_Output
PC11.GPIOParameters=GPIO_Label
PC11.GPIO_Label=HMI2_RED
PC11.Locked=true
PC11.Signal=GPIO_Output
PC12.Locked=true
PC12.Mode=Asynchronous
PC12.Signal=UART5_TX
PC14-OSC32_IN.GPIOParameters=GPIO_Label
PC14-OSC32_IN.GPIO_Label=PC14
PC14-OSC32_IN.Locked=true
PC14-OSC32_IN.Signal=GPIO_Output
PC15-OSC32_OUT.GPIOParameters=GPIO_Label
PC15-OSC32_OUT.GPIO_Label=PC15
PC15-OSC32_OUT.Locked=true
PC15-OSC32_OUT.Signal=GPIO_Output
PC2.GPIOParameters=GPIO_Label
PC2.GPIO_Label=HDMI_TX_EN
PC2.Locked=true
PC2.Signal=GPIO_Output
PC4.Mode=Master_Clock_Activated
PC4.Signal=I2S1_MCK
PC5.Locked=true
PC5.Mode=IN3
PC5.Signal=SPDIFRX_IN3
PC7.Locked=true
PC7.Mode=IN1
PC7.Signal=SPDIFRX_IN1
PC8.GPIOParameters=GPIO_Label
PC8.GPIO_Label=HMI1_RED
PC8.Locked=true
PC8.Signal=GPIO_Output
PC9.Locked=true
PC9.Mode=Audio_ClockIn
PC9.Signal=I2S_CKIN
PD2.Locked=true
PD2.Mode=Asynchronous
PD2.Signal=UART5_RX
PH0-OSC_IN.Locked=true
PH0-OSC_IN.Mode=HSE-External-Oscillator
PH0-OSC_IN.Signal=RCC_OSC_IN
PH1-OSC_OUT.Locked=true
PH1-OSC_OUT.Mode=HSE-External-Oscillator
PH1-OSC_OUT.Signal=RCC_OSC_OUT
PinOutPanel.RotationAngle=0
ProjectManager.AskForMigrate=true
ProjectManager.BackupPrevious=false
ProjectManager.CompilerOptimize=6
ProjectManager.ComputerToolchain=false
ProjectManager.CoupleFile=false
ProjectManager.CustomerFirmwarePackage=
ProjectManager.DefaultFWLocation=true
ProjectManager.DeletePrevious=true
ProjectManager.DeviceId=STM32F446RETx
ProjectManager.FirmwarePackage=STM32Cube FW_F4 V1.25.2
ProjectManager.FreePins=false
ProjectManager.HalAssertFull=false
ProjectManager.HeapSize=0x200
ProjectManager.KeepUserCode=true
ProjectManager.LastFirmware=true
ProjectManager.LibraryCopy=1
ProjectManager.MainLocation=Core/Src
ProjectManager.NoMain=false
ProjectManager.PreviousToolchain=STM32CubeIDE
ProjectManager.ProjectBuild=false
ProjectManager.ProjectFileName=andy.ioc
ProjectManager.ProjectName=andy
ProjectManager.RegisterCallBack=
ProjectManager.StackSize=0x400
ProjectManager.TargetToolchain=STM32CubeIDE
ProjectManager.ToolChainLocation=
ProjectManager.UnderRoot=true
ProjectManager.functionlistsort=1-MX_GPIO_Init-GPIO-false-HAL-true,2-SystemClock_Config-RCC-false-HAL-false,3-MX_USB_OTG_FS_PCD_Init-USB_OTG_FS-false-HAL-true,4-MX_ADC1_Init-ADC1-false-HAL-true,5-MX_HDMI_CEC_Init-HDMI_CEC-false-HAL-true,6-MX_I2C2_Init-I2C2-false-HAL-true,7-MX_I2C3_Init-I2C3-false-HAL-true,8-MX_I2S1_Init-I2S1-false-HAL-true,9-MX_SAI1_Init-SAI1-false-HAL-true,10-MX_SPDIFRX_Init-SPDIFRX-false-HAL-true,11-MX_UART5_Init-UART5-false-HAL-true
RCC.CECFreq_Value=32786.88524590164
RCC.CortexFreq_Value=16000000
RCC.FamilyName=M
RCC.I2S1Freq_Value=150000000
RCC.I2S2Freq_Value=150000000
RCC.IPParameters=CECFreq_Value,CortexFreq_Value,FamilyName,I2S1Freq_Value,I2S2Freq_Value,PLLCLKFreq_Value,PLLI2SPCLKFreq_Value,PLLI2SQCLKFreq_Value,PLLI2SRCLKFreq_Value,PLLI2SoutputFreq_Value,PLLM,PLLN,PLLQ,PLLQCLKFreq_Value,PLLRCLKFreq_Value,PLLSAIPCLKFreq_Value,PLLSAIQCLKFreq_Value,PLLSAIoutputFreq_Value,PLLSourceVirtual,SAIAFreq_Value,SAIBFreq_Value,SDIOFreq_Value,SPDIFRXFreq_Value,USBFreq_Value,VCOI2SInputFreq_Value,VCOI2SOutputFreq_Value,VCOInputFreq_Value,VCOOutputFreq_Value,VCOSAIInputFreq_Value,VCOSAIOutputFreq_Value
RCC.PLLCLKFreq_Value=120000000
RCC.PLLI2SPCLKFreq_Value=150000000
RCC.PLLI2SQCLKFreq_Value=150000000
RCC.PLLI2SRCLKFreq_Value=150000000
RCC.PLLI2SoutputFreq_Value=150000000
RCC.PLLM=15
RCC.PLLN=144
RCC.PLLQ=5
RCC.PLLQCLKFreq_Value=48000000
RCC.PLLRCLKFreq_Value=120000000
RCC.PLLSAIPCLKFreq_Value=150000000
RCC.PLLSAIQCLKFreq_Value=150000000
RCC.PLLSAIoutputFreq_Value=150000000
RCC.PLLSourceVirtual=RCC_PLLSOURCE_HSE
RCC.SAIAFreq_Value=150000000
RCC.SAIBFreq_Value=150000000
RCC.SDIOFreq_Value=48000000
RCC.SPDIFRXFreq_Value=120000000
RCC.USBFreq_Value=48000000
RCC.VCOI2SInputFreq_Value=1562500
RCC.VCOI2SOutputFreq_Value=300000000
RCC.VCOInputFreq_Value=1666666.6666666667
RCC.VCOOutputFreq_Value=240000000
RCC.VCOSAIInputFreq_Value=1562500
RCC.VCOSAIOutputFreq_Value=300000000
SAI1.ErrorAudioFreq-SAI_B_MasterWithClock=52.58 %
SAI1.IPParameters=Instance-SAI_B_MasterWithClock,VirtualMode-SAI_B_MasterWithClock,MClockEnable-SAI_B_MasterWithClock,RealAudioFreq-SAI_B_MasterWithClock,ErrorAudioFreq-SAI_B_MasterWithClock,Instance-SAI_A_SPDIF,VirtualMode-SAI_A_SPDIF,RealAudioFreq-SAI_A_SPDIF,InitProtocol-SAI_B_MasterWithClock,VirtualProtocol-SAI_B_BASIC
SAI1.InitProtocol-SAI_B_MasterWithClock=Enable
SAI1.Instance-SAI_A_SPDIF=SAI$Index_Block_A
SAI1.Instance-SAI_B_MasterWithClock=SAI$Index_Block_B
SAI1.MClockEnable-SAI_B_MasterWithClock=SAI_MASTERCLOCK_ENABLE
SAI1.RealAudioFreq-SAI_A_SPDIF=2.34375 MHz
SAI1.RealAudioFreq-SAI_B_MasterWithClock=292.968 KHz
SAI1.VirtualMode-SAI_A_SPDIF=VM_SPDIF
SAI1.VirtualMode-SAI_B_MasterWithClock=VM_MASTER
SAI1.VirtualProtocol-SAI_B_BASIC=VM_BASIC_PROTOCOL
SH.ADCx_IN2.0=ADC1_IN2,IN2
SH.ADCx_IN2.ConfNb=1
SH.ADCx_IN3.0=ADC1_IN3,IN3
SH.ADCx_IN3.ConfNb=1
UART5.IPParameters=VirtualMode
UART5.VirtualMode=Asynchronous
USB_OTG_FS.IPParameters=VirtualMode
USB_OTG_FS.VirtualMode=Device_Only
VP_SAI1_VP_$IpInstance_SAIB_SAI_BASIC.Mode=SAI_B_BASIC
VP_SAI1_VP_$IpInstance_SAIB_SAI_BASIC.Signal=SAI1_VP_$IpInstance_SAIB_SAI_BASIC
VP_SYS_VS_Systick.Mode=SysTick
VP_SYS_VS_Systick.Signal=SYS_VS_Systick
board=custom
isbadioc=false
